
Microsoft Visual Studio Solution File, Format Version 12.00
# Visual Studio Version 17
VisualStudioVersion = 17.11.35222.181
MinimumVisualStudioVersion = 10.0.40219.1
Project("{FAE04EC0-301F-11D3-BF4B-00C04F79EFBC}") = "Maui_Project_WordGuesser", "Maui_Project_WordGuesser\Maui_Project_WordGuesser.csproj", "{2F956A0E-C007-482D-BD65-7DE91B133670}"
EndProject
Global
	GlobalSection(SolutionConfigurationPlatforms) = preSolution
		Debug|Any CPU = Debug|Any CPU
		Release|Any CPU = Release|Any CPU
	EndGlobalSection
	GlobalSection(ProjectConfigurationPlatforms) = postSolution
		{2F956A0E-C007-482D-BD65-7DE91B133670}.Debug|Any CPU.ActiveCfg = Debug|Any CPU
		{2F956A0E-C007-482D-BD65-7DE91B133670}.Debug|Any CPU.Build.0 = Debug|Any CPU
		{2F956A0E-C007-482D-BD65-7DE91B133670}.Debug|Any CPU.Deploy.0 = Debug|Any CPU
		{2F956A0E-C007-482D-BD65-7DE91B133670}.Release|Any CPU.ActiveCfg = Release|Any CPU
		{2F956A0E-C007-482D-BD65-7DE91B133670}.Release|Any CPU.Build.0 = Release|Any CPU
		{2F956A0E-C007-482D-BD65-7DE91B133670}.Release|Any CPU.Deploy.0 = Release|Any CPU
	EndGlobalSection
	GlobalSection(SolutionProperties) = preSolution
		HideSolutionNode = FALSE
	EndGlobalSection
	GlobalSection(ExtensibilityGlobals) = postSolution
		SolutionGuid = {477DFA9E-4E1F-4253-87AF-626E71DD001B}
	EndGlobalSection
EndGlobal
